
Microsoft Visual Studio Solution File, Format Version 12.00
# Visual Studio Version 17
VisualStudioVersion = 17.10.35013.160
MinimumVisualStudioVersion = 10.0.40219.1
Project("{FAE04EC0-301F-11D3-BF4B-00C04F79EFBC}") = "MyLibrary", "MyLibrary\MyLibrary.csproj", "{F11373C4-A005-48DB-8B07-E837AB5648A3}"
EndProject
Global
	GlobalSection(SolutionConfigurationPlatforms) = preSolution
		Debug|Any CPU = Debug|Any CPU
		Release|Any CPU = Release|Any CPU
	EndGlobalSection
	GlobalSection(ProjectConfigurationPlatforms) = postSolution
		{F11373C4-A005-48DB-8B07-E837AB5648A3}.Debug|Any CPU.ActiveCfg = Debug|Any CPU
		{F11373C4-A005-48DB-8B07-E837AB5648A3}.Debug|Any CPU.Build.0 = Debug|Any CPU
		{F11373C4-A005-48DB-8B07-E837AB5648A3}.Release|Any CPU.ActiveCfg = Release|Any CPU
		{F11373C4-A005-48DB-8B07-E837AB5648A3}.Release|Any CPU.Build.0 = Release|Any CPU
	EndGlobalSection
	GlobalSection(SolutionProperties) = preSolution
		HideSolutionNode = FALSE
	EndGlobalSection
	GlobalSection(ExtensibilityGlobals) = postSolution
		SolutionGuid = {203C3730-FD40-4CEE-BF8B-130B47D0D9E1}
	EndGlobalSection
EndGlobal
